
Microsoft Visual Studio Solution File, Format Version 12.00
# Visual Studio Version 17
VisualStudioVersion = 17.8.34408.163
MinimumVisualStudioVersion = 10.0.40219.1
Project("{8BC9CEB8-8B4A-11D0-8D11-00A0C91BC942}") = "FindMST04", "FindMST04\FindMST04.vcxproj", "{554A7838-B88A-4FE5-A99D-9C4AAC4E90A5}"
EndProject
Global
	GlobalSection(SolutionConfigurationPlatforms) = preSolution
		Debug|x64 = Debug|x64
		Debug|x86 = Debug|x86
		Release|x64 = Release|x64
		Release|x86 = Release|x86
	EndGlobalSection
	GlobalSection(ProjectConfigurationPlatforms) = postSolution
		{554A7838-B88A-4FE5-A99D-9C4AAC4E90A5}.Debug|x64.ActiveCfg = Debug|x64
		{554A7838-B88A-4FE5-A99D-9C4AAC4E90A5}.Debug|x64.Build.0 = Debug|x64
		{554A7838-B88A-4FE5-A99D-9C4AAC4E90A5}.Debug|x86.ActiveCfg = Debug|Win32
		{554A7838-B88A-4FE5-A99D-9C4AAC4E90A5}.Debug|x86.Build.0 = Debug|Win32
		{554A7838-B88A-4FE5-A99D-9C4AAC4E90A5}.Release|x64.ActiveCfg = Release|x64
		{554A7838-B88A-4FE5-A99D-9C4AAC4E90A5}.Release|x64.Build.0 = Release|x64
		{554A7838-B88A-4FE5-A99D-9C4AAC4E90A5}.Release|x86.ActiveCfg = Release|Win32
		{554A7838-B88A-4FE5-A99D-9C4AAC4E90A5}.Release|x86.Build.0 = Release|Win32
	EndGlobalSection
	GlobalSection(SolutionProperties) = preSolution
		HideSolutionNode = FALSE
	EndGlobalSection
	GlobalSection(ExtensibilityGlobals) = postSolution
		SolutionGuid = {1B98A46E-493B-4091-92B8-8E2B5FD7390A}
	EndGlobalSection
EndGlobal
